# This file is generated by running "yarn install" inside your project.
# Manual changes might be lost - proceed with caution!

__metadata:
  version: 4
  cacheKey: 7

"foo@workspace:.":
  version: 0.0.0-use.local
  resolution: "foo@workspace:."
  dependencies:
    somepackage-b: "github:defunctzombie/yarn-monorepo#workspace=somepackage-b&commit=e32a93af0f656ace30a708133aecdd6bea00177f"
  languageName: unknown
  linkType: soft

"somepackage-b@github:defunctzombie/yarn-monorepo#workspace=somepackage-b&commit=e32a93af0f656ace30a708133aecdd6bea00177f":
  version: 0.0.0
  resolution: "somepackage-b@https://github.com/defunctzombie/yarn-monorepo.git#workspace=somepackage-b&commit=e32a93af0f656ace30a708133aecdd6bea00177f"
  checksum: c4388fe52258da451ec1dcb367a5b1be3c7d1fc43a535050f37f70b189b36d9728455535712eda1c34f98beda0fb5abfbbfeae6d155b38efd61860a30393c996
  languageName: node
  linkType: hard
