# This file is generated by running "yarn install" inside your project.
# Manual changes might be lost - proceed with caution!

__metadata:
  version: 4
  cacheKey: 7

"@org/package-a@github:defunctzombie/yarn-monorepo#workspace=@org/package-a&commit=7e09c006f28253b0a67af7924abe25de06beba1b":
  version: 0.0.0
  resolution: "@org/package-a@https://github.com/defunctzombie/yarn-monorepo.git#workspace=%40org%2Fpackage-a&commit=7e09c006f28253b0a67af7924abe25de06beba1b"
  checksum: 5f4f6126199c194fbf7e99c3627ee34aa34a5aa81762d6ab79d78b23f890bcf92a84743897b48a1becba91942be45dbcae6d886479830f77a2801d8f11613edc
  languageName: node
  linkType: hard

"foo@workspace:.":
  version: 0.0.0-use.local
  resolution: "foo@workspace:."
  dependencies:
    "@org/package-a": "github:defunctzombie/yarn-monorepo#workspace=@org/package-a&commit=7e09c006f28253b0a67af7924abe25de06beba1b"
  languageName: unknown
  linkType: soft
