# This file is generated by running "yarn install" inside your project.
# Manual changes might be lost - proceed with caution!

__metadata:
  version: 4
  cacheKey: 7

"bar@workspace:.":
  version: 0.0.0-use.local
  resolution: "bar@workspace:."
  dependencies:
    package-b: "github:defunctzombie/yarn-monorepo#workspace=package-b&commit=7e09c006f28253b0a67af7924abe25de06beba1b"
  languageName: unknown
  linkType: soft

"package-b@github:defunctzombie/yarn-monorepo#workspace=package-b&commit=7e09c006f28253b0a67af7924abe25de06beba1b":
  version: 0.0.0
  resolution: "package-b@https://github.com/defunctzombie/yarn-monorepo.git#workspace=package-b&commit=7e09c006f28253b0a67af7924abe25de06beba1b"
  checksum: c1814487252539ee9588015a6453d30c8f65ff16d29deb502682a218f886825db4ae08624cc24b3472bbf576922e79b3832d69f030a075cd5c4b86c7594f5f12
  languageName: node
  linkType: hard
